{
  "name": "PathGenerationPlugin",
  "version": "1.0.0",
  "lockfileVersion": 1,
  "requires": true,
  "dependencies": {
    "@rbxts/cue": {
      "version": "1.0.0",
      "resolved": "https://registry.npmjs.org/@rbxts/cue/-/cue-1.0.0.tgz",
      "integrity": "sha512-bLxlmFj3GlbgT+reOFhYb+f3nqVci+PdMqN6mbKoEQeGq5iOM2Q1Ofpdp3F1F/aXOzPmdWeTR2wrT/oWoomuIw=="
    },
    "@rbxts/roact": {
      "version": "1.1.5",
      "resolved": "https://registry.npmjs.org/@rbxts/roact/-/roact-1.1.5.tgz",
      "integrity": "sha512-G43+u4F4J2X/DrNLGn9xM3pDH8/v7MP6mXIpP8hlKVCjOQbtG6XVFf3K+RbTikmRTE7eCUKkNQYOyxooXetDgQ=="
    },
    "@rbxts/roblox-BezierFunctions": {
      "version": "git+https://github.com/Bytebit-Org/roblox-BezierFunctions.git#8d2f8357155ea03bbca48d33d5ba88baab78c8d8",
      "from": "git+https://github.com/Bytebit-Org/roblox-BezierFunctions.git"
    },
    "@rbxts/roblox-RoactStudioComponents": {
      "version": "git+https://github.com/Bytebit-Org/roblox-RoactStudioComponents.git#71c8129eb838a369ef06593a418ca8c3bcb9c1cb",
      "from": "git+https://github.com/Bytebit-Org/roblox-RoactStudioComponents.git",
      "requires": {
        "@rbxts/roact": "^1.1.5",
        "@rbxts/roblox-SignalsTooling": "git+https://github.com/Bytebit-Org/roblox-SignalsTooling.git",
        "@rbxts/services": "^1.0.28"
      },
      "dependencies": {
        "@rbxts/services": {
          "version": "1.0.28",
          "resolved": "https://registry.npmjs.org/@rbxts/services/-/services-1.0.28.tgz",
          "integrity": "sha512-8dcUNzkai0C6XtRTBiij8Rv0KQfveKXPeBeSaqRiCY8vOWvHUPHa43nA5NkJh1T1ljej8wgrVs5QPcYD4cSKAg=="
        }
      }
    },
    "@rbxts/roblox-SignalsTooling": {
      "version": "git+https://github.com/Bytebit-Org/roblox-SignalsTooling.git#7b487797da5d162ea038102d2127bc27fa59fdc6",
      "from": "git+https://github.com/Bytebit-Org/roblox-SignalsTooling.git",
      "requires": {
        "@rbxts/services": "^1.0.28"
      },
      "dependencies": {
        "@rbxts/services": {
          "version": "1.0.28",
          "resolved": "https://registry.npmjs.org/@rbxts/services/-/services-1.0.28.tgz",
          "integrity": "sha512-8dcUNzkai0C6XtRTBiij8Rv0KQfveKXPeBeSaqRiCY8vOWvHUPHa43nA5NkJh1T1ljej8wgrVs5QPcYD4cSKAg=="
        }
      }
    },
    "@rbxts/services": {
      "version": "1.0.23",
      "resolved": "https://registry.npmjs.org/@rbxts/services/-/services-1.0.23.tgz",
      "integrity": "sha512-grU2H1biLVmjCxhF8KYmpUUDTvowjf/99HS5r8NCsFb8q/MqN80kYYX0gXncYYYfYNGHLbzm8cWwVhb7UyXPHg=="
    },
    "@rbxts/types": {
      "version": "1.0.235",
      "resolved": "https://registry.npmjs.org/@rbxts/types/-/types-1.0.235.tgz",
      "integrity": "sha512-6mHaM/el5/xHuzq1ECjXRuPq8iFsfO/7x7FoTdICD6b3ABUgvcOsNx+2txS2+MiE3QAGkMdybWS7RJ+slp9APQ=="
    }
  }
}
